
Microsoft Visual Studio Solution File, Format Version 12.00
# Visual Studio Version 17
VisualStudioVersion = 17.7.34024.191
MinimumVisualStudioVersion = 10.0.40219.1
Project("{FAE04EC0-301F-11D3-BF4B-00C04F79EFBC}") = "QA_A2_Group9", "QA_A2_Group9\QA_A2_Group9.csproj", "{B3E81797-AC2A-4271-AB06-4DD990E2257E}"
EndProject
Global
	GlobalSection(SolutionConfigurationPlatforms) = preSolution
		Debug|Any CPU = Debug|Any CPU
		Release|Any CPU = Release|Any CPU
	EndGlobalSection
	GlobalSection(ProjectConfigurationPlatforms) = postSolution
		{B3E81797-AC2A-4271-AB06-4DD990E2257E}.Debug|Any CPU.ActiveCfg = Debug|Any CPU
		{B3E81797-AC2A-4271-AB06-4DD990E2257E}.Debug|Any CPU.Build.0 = Debug|Any CPU
		{B3E81797-AC2A-4271-AB06-4DD990E2257E}.Release|Any CPU.ActiveCfg = Release|Any CPU
		{B3E81797-AC2A-4271-AB06-4DD990E2257E}.Release|Any CPU.Build.0 = Release|Any CPU
	EndGlobalSection
	GlobalSection(SolutionProperties) = preSolution
		HideSolutionNode = FALSE
	EndGlobalSection
	GlobalSection(ExtensibilityGlobals) = postSolution
		SolutionGuid = {038BD96E-24A7-4514-A6A0-19999CCB4A45}
	EndGlobalSection
EndGlobal
